
Microsoft Visual Studio Solution File, Format Version 11.00
# Visual Studio 2010
Project("{FAE04EC0-301F-11D3-BF4B-00C04F79EFBC}") = "Assembly-CSharp", "Assembly-CSharp.csproj", "{f2168651-f0eb-c3cf-92d2-b550bde53288}"
EndProject
Project("{FAE04EC0-301F-11D3-BF4B-00C04F79EFBC}") = "Assembly-CSharp-Editor", "Assembly-CSharp-Editor.csproj", "{0423d9a9-1063-bb7e-bcd8-b800c05a491d}"
EndProject
Global
	GlobalSection(SolutionConfigurationPlatforms) = preSolution
		Debug|Any CPU = Debug|Any CPU
	EndGlobalSection
	GlobalSection(ProjectConfigurationPlatforms) = postSolution
		{f2168651-f0eb-c3cf-92d2-b550bde53288}.Debug|Any CPU.ActiveCfg = Debug|Any CPU
		{f2168651-f0eb-c3cf-92d2-b550bde53288}.Debug|Any CPU.Build.0 = Debug|Any CPU
		{0423d9a9-1063-bb7e-bcd8-b800c05a491d}.Debug|Any CPU.ActiveCfg = Debug|Any CPU
		{0423d9a9-1063-bb7e-bcd8-b800c05a491d}.Debug|Any CPU.Build.0 = Debug|Any CPU
	EndGlobalSection
	GlobalSection(SolutionProperties) = preSolution
		HideSolutionNode = FALSE
	EndGlobalSection
EndGlobal
